// !$*UTF8*$!
{
	archiveVersion = 1;
	classes = {
	};
	objectVersion = 50;
	objects = {

/* Begin PBXBuildFile section */
		84293B3E21E2E0F300D342F3 /* AppDelegate.m in Sources */ = {isa = PBXBuildFile; fileRef = 84293B3D21E2E0F300D342F3 /* AppDelegate.m */; };
		84293B4121E2E0F300D342F3 /* ViewController.m in Sources */ = {isa = PBXBuildFile; fileRef = 84293B4021E2E0F300D342F3 /* ViewController.m */; };
		84293B4421E2E0F300D342F3 /* Main.storyboard in Resources */ = {isa = PBXBuildFile; fileRef = 84293B4221E2E0F300D342F3 /* Main.storyboard */; };
		84293B4621E2E0F600D342F3 /* Assets.xcassets in Resources */ = {isa = PBXBuildFile; fileRef = 84293B4521E2E0F600D342F3 /* Assets.xcassets */; };
		84293B4921E2E0F600D342F3 /* LaunchScreen.storyboard in Resources */ = {isa = PBXBuildFile; fileRef = 84293B4721E2E0F600D342F3 /* LaunchScreen.storyboard */; };
		84293B4C21E2E0F600D342F3 /* main.m in Sources */ = {isa = PBXBuildFile; fileRef = 84293B4B21E2E0F600D342F3 /* main.m */; };
		84293B6821E3019800D342F3 /* SwTool.m in Sources */ = {isa = PBXBuildFile; fileRef = 84293B6721E3019800D342F3 /* SwTool.m */; };
		84293B6C21E303B100D342F3 /* GTMBase64.m in Sources */ = {isa = PBXBuildFile; fileRef = 84293B6B21E303B100D342F3 /* GTMBase64.m */; };
		DF317B13D9CD631213DB63FA /* libPods-MuseumSysPro.a in Frameworks */ = {isa = PBXBuildFile; fileRef = 3AE1FA6E28298F09D2E2BF57 /* libPods-MuseumSysPro.a */; };
/* End PBXBuildFile section */

/* Begin PBXFileReference section */
		0D340631019171E7DBD6D201 /* Pods-MuseumSysPro.release.xcconfig */ = {isa = PBXFileReference; includeInIndex = 1; lastKnownFileType = text.xcconfig; name = "Pods-MuseumSysPro.release.xcconfig"; path = "Pods/Target Support Files/Pods-MuseumSysPro/Pods-MuseumSysPro.release.xcconfig"; sourceTree = "<group>"; };
		21E47DE91772A4ACADD02C1B /* Pods-MuseumSysPro.debug.xcconfig */ = {isa = PBXFileReference; includeInIndex = 1; lastKnownFileType = text.xcconfig; name = "Pods-MuseumSysPro.debug.xcconfig"; path = "Pods/Target Support Files/Pods-MuseumSysPro/Pods-MuseumSysPro.debug.xcconfig"; sourceTree = "<group>"; };
		3AE1FA6E28298F09D2E2BF57 /* libPods-MuseumSysPro.a */ = {isa = PBXFileReference; explicitFileType = archive.ar; includeInIndex = 0; path = "libPods-MuseumSysPro.a"; sourceTree = BUILT_PRODUCTS_DIR; };
		84293B3921E2E0F300D342F3 /* MuseumSysPro.app */ = {isa = PBXFileReference; explicitFileType = wrapper.application; includeInIndex = 0; path = MuseumSysPro.app; sourceTree = BUILT_PRODUCTS_DIR; };
		84293B3C21E2E0F300D342F3 /* AppDelegate.h */ = {isa = PBXFileReference; lastKnownFileType = sourcecode.c.h; path = AppDelegate.h; sourceTree = "<group>"; };
		84293B3D21E2E0F300D342F3 /* AppDelegate.m */ = {isa = PBXFileReference; lastKnownFileType = sourcecode.c.objc; path = AppDelegate.m; sourceTree = "<group>"; };
		84293B3F21E2E0F300D342F3 /* ViewController.h */ = {isa = PBXFileReference; lastKnownFileType = sourcecode.c.h; path = ViewController.h; sourceTree = "<group>"; };
		84293B4021E2E0F300D342F3 /* ViewController.m */ = {isa = PBXFileReference; lastKnownFileType = sourcecode.c.objc; path = ViewController.m; sourceTree = "<group>"; };
		84293B4321E2E0F300D342F3 /* Base */ = {isa = PBXFileReference; lastKnownFileType = file.storyboard; name = Base; path = Base.lproj/Main.storyboard; sourceTree = "<group>"; };
		84293B4521E2E0F600D342F3 /* Assets.xcassets */ = {isa = PBXFileReference; lastKnownFileType = folder.assetcatalog; path = Assets.xcassets; sourceTree = "<group>"; };
		84293B4821E2E0F600D342F3 /* Base */ = {isa = PBXFileReference; lastKnownFileType = file.storyboard; name = Base; path = Base.lproj/LaunchScreen.storyboard; sourceTree = "<group>"; };
		84293B4A21E2E0F600D342F3 /* Info.plist */ = {isa = PBXFileReference; lastKnownFileType = text.plist.xml; path = Info.plist; sourceTree = "<group>"; };
		84293B4B21E2E0F600D342F3 /* main.m */ = {isa = PBXFileReference; lastKnownFileType = sourcecode.c.objc; path = main.m; sourceTree = "<group>"; };
		84293B6621E3019800D342F3 /* SwTool.h */ = {isa = PBXFileReference; lastKnownFileType = sourcecode.c.h; path = SwTool.h; sourceTree = "<group>"; };
		84293B6721E3019800D342F3 /* SwTool.m */ = {isa = PBXFileReference; lastKnownFileType = sourcecode.c.objc; path = SwTool.m; sourceTree = "<group>"; };
		84293B6A21E303B100D342F3 /* GTMBase64.h */ = {isa = PBXFileReference; fileEncoding = 4; lastKnownFileType = sourcecode.c.h; path = GTMBase64.h; sourceTree = "<group>"; };
		84293B6B21E303B100D342F3 /* GTMBase64.m */ = {isa = PBXFileReference; fileEncoding = 4; lastKnownFileType = sourcecode.c.objc; path = GTMBase64.m; sourceTree = "<group>"; };
		84293B6D21E3050900D342F3 /* GTMDefines.h */ = {isa = PBXFileReference; fileEncoding = 4; lastKnownFileType = sourcecode.c.h; path = GTMDefines.h; sourceTree = "<group>"; };
		84293B6E21E3259A00D342F3 /* MuPrefixHeader.pch */ = {isa = PBXFileReference; lastKnownFileType = sourcecode.c.h; path = MuPrefixHeader.pch; sourceTree = "<group>"; };
		84293B6F21E3286700D342F3 /* MuPubMacros.h */ = {isa = PBXFileReference; lastKnownFileType = sourcecode.c.h; path = MuPubMacros.h; sourceTree = "<group>"; };
/* End PBXFileReference section */

/* Begin PBXFrameworksBuildPhase section */
		84293B3621E2E0F300D342F3 /* Frameworks */ = {
			isa = PBXFrameworksBuildPhase;
			buildActionMask = 2147483647;
			files = (
				DF317B13D9CD631213DB63FA /* libPods-MuseumSysPro.a in Frameworks */,
			);
			runOnlyForDeploymentPostprocessing = 0;
		};
/* End PBXFrameworksBuildPhase section */

/* Begin PBXGroup section */
		26E325A3B9C709C2381FA136 /* Pods */ = {
			isa = PBXGroup;
			children = (
				21E47DE91772A4ACADD02C1B /* Pods-MuseumSysPro.debug.xcconfig */,
				0D340631019171E7DBD6D201 /* Pods-MuseumSysPro.release.xcconfig */,
			);
			name = Pods;
			sourceTree = "<group>";
		};
		84293B3021E2E0F300D342F3 = {
			isa = PBXGroup;
			children = (
				84293B3B21E2E0F300D342F3 /* MuseumSysPro */,
				84293B6221E2FD1B00D342F3 /* BaseProFile */,
				84293B3A21E2E0F300D342F3 /* Products */,
				26E325A3B9C709C2381FA136 /* Pods */,
				CE0B9CFB99BC5E00A5405F2A /* Frameworks */,
			);
			sourceTree = "<group>";
		};
		84293B3A21E2E0F300D342F3 /* Products */ = {
			isa = PBXGroup;
			children = (
				84293B3921E2E0F300D342F3 /* MuseumSysPro.app */,
			);
			name = Products;
			sourceTree = "<group>";
		};
		84293B3B21E2E0F300D342F3 /* MuseumSysPro */ = {
			isa = PBXGroup;
			children = (
				84293B3C21E2E0F300D342F3 /* AppDelegate.h */,
				84293B3D21E2E0F300D342F3 /* AppDelegate.m */,
				84293B5B21E2FC7500D342F3 /* SysBMainModule */,
				84293B5921E2FC7400D342F3 /* MyAmendThirdParts */,
				84293B5421E2FC7400D342F3 /* SysBExpand */,
				84293B5821E2FC7400D342F3 /* SysBFrameWorks */,
				84293B5221E2FC7400D342F3 /* SysBPubClass */,
				84293B5A21E2FC7400D342F3 /* SysBPubViews */,
				84293B5C21E2FC7500D342F3 /* SysBResource */,
				84293B5721E2FC7400D342F3 /* SysBVender */,
				84293B3F21E2E0F300D342F3 /* ViewController.h */,
				84293B4021E2E0F300D342F3 /* ViewController.m */,
			);
			path = MuseumSysPro;
			sourceTree = "<group>";
		};
		84293B5221E2FC7400D342F3 /* SysBPubClass */ = {
			isa = PBXGroup;
			children = (
				84293B6521E3007F00D342F3 /* OwnAppBase */,
				84293B6421E3003A00D342F3 /* SPubSingleTon */,
				84293B6321E2FF9D00D342F3 /* SPubNetwork */,
				84293B5321E2FC7400D342F3 /* SPubTools */,
			);
			path = SysBPubClass;
			sourceTree = "<group>";
		};
		84293B5321E2FC7400D342F3 /* SPubTools */ = {
			isa = PBXGroup;
			children = (
				84293B6621E3019800D342F3 /* SwTool.h */,
				84293B6721E3019800D342F3 /* SwTool.m */,
			);
			path = SPubTools;
			sourceTree = "<group>";
		};
		84293B5421E2FC7400D342F3 /* SysBExpand */ = {
			isa = PBXGroup;
			children = (
				84293B5521E2FC7400D342F3 /* ExpCategory */,
				84293B5621E2FC7400D342F3 /* ExpMacros */,
			);
			path = SysBExpand;
			sourceTree = "<group>";
		};
		84293B5521E2FC7400D342F3 /* ExpCategory */ = {
			isa = PBXGroup;
			children = (
			);
			path = ExpCategory;
			sourceTree = "<group>";
		};
		84293B5621E2FC7400D342F3 /* ExpMacros */ = {
			isa = PBXGroup;
			children = (
				84293B6E21E3259A00D342F3 /* MuPrefixHeader.pch */,
				84293B6F21E3286700D342F3 /* MuPubMacros.h */,
			);
			path = ExpMacros;
			sourceTree = "<group>";
		};
		84293B5721E2FC7400D342F3 /* SysBVender */ = {
			isa = PBXGroup;
			children = (
				84293B6921E3039600D342F3 /* GTMBase64 */,
			);
			path = SysBVender;
			sourceTree = "<group>";
		};
		84293B5821E2FC7400D342F3 /* SysBFrameWorks */ = {
			isa = PBXGroup;
			children = (
			);
			path = SysBFrameWorks;
			sourceTree = "<group>";
		};
		84293B5921E2FC7400D342F3 /* MyAmendThirdParts */ = {
			isa = PBXGroup;
			children = (
			);
			path = MyAmendThirdParts;
			sourceTree = "<group>";
		};
		84293B5A21E2FC7400D342F3 /* SysBPubViews */ = {
			isa = PBXGroup;
			children = (
			);
			path = SysBPubViews;
			sourceTree = "<group>";
		};
		84293B5B21E2FC7500D342F3 /* SysBMainModule */ = {
			isa = PBXGroup;
			children = (
			);
			path = SysBMainModule;
			sourceTree = "<group>";
		};
		84293B5C21E2FC7500D342F3 /* SysBResource */ = {
			isa = PBXGroup;
			children = (
				84293B5D21E2FC7500D342F3 /* Global */,
				84293B5E21E2FC7500D342F3 /* ImageAssets */,
				84293B5F21E2FC7500D342F3 /* Plist */,
			);
			path = SysBResource;
			sourceTree = "<group>";
		};
		84293B5D21E2FC7500D342F3 /* Global */ = {
			isa = PBXGroup;
			children = (
			);
			path = Global;
			sourceTree = "<group>";
		};
		84293B5E21E2FC7500D342F3 /* ImageAssets */ = {
			isa = PBXGroup;
			children = (
			);
			path = ImageAssets;
			sourceTree = "<group>";
		};
		84293B5F21E2FC7500D342F3 /* Plist */ = {
			isa = PBXGroup;
			children = (
			);
			path = Plist;
			sourceTree = "<group>";
		};
		84293B6221E2FD1B00D342F3 /* BaseProFile */ = {
			isa = PBXGroup;
			children = (
				84293B4221E2E0F300D342F3 /* Main.storyboard */,
				84293B4521E2E0F600D342F3 /* Assets.xcassets */,
				84293B4721E2E0F600D342F3 /* LaunchScreen.storyboard */,
				84293B4A21E2E0F600D342F3 /* Info.plist */,
				84293B4B21E2E0F600D342F3 /* main.m */,
			);
			name = BaseProFile;
			path = MuseumSysPro;
			sourceTree = "<group>";
		};
		84293B6321E2FF9D00D342F3 /* SPubNetwork */ = {
			isa = PBXGroup;
			children = (
			);
			path = SPubNetwork;
			sourceTree = "<group>";
		};
		84293B6421E3003A00D342F3 /* SPubSingleTon */ = {
			isa = PBXGroup;
			children = (
			);
			path = SPubSingleTon;
			sourceTree = "<group>";
		};
		84293B6521E3007F00D342F3 /* OwnAppBase */ = {
			isa = PBXGroup;
			children = (
			);
			path = OwnAppBase;
			sourceTree = "<group>";
		};
		84293B6921E3039600D342F3 /* GTMBase64 */ = {
			isa = PBXGroup;
			children = (
				84293B6D21E3050900D342F3 /* GTMDefines.h */,
				84293B6A21E303B100D342F3 /* GTMBase64.h */,
				84293B6B21E303B100D342F3 /* GTMBase64.m */,
			);
			path = GTMBase64;
			sourceTree = "<group>";
		};
		CE0B9CFB99BC5E00A5405F2A /* Frameworks */ = {
			isa = PBXGroup;
			children = (
				3AE1FA6E28298F09D2E2BF57 /* libPods-MuseumSysPro.a */,
			);
			name = Frameworks;
			sourceTree = "<group>";
		};
/* End PBXGroup section */

/* Begin PBXNativeTarget section */
		84293B3821E2E0F300D342F3 /* MuseumSysPro */ = {
			isa = PBXNativeTarget;
			buildConfigurationList = 84293B4F21E2E0F600D342F3 /* Build configuration list for PBXNativeTarget "MuseumSysPro" */;
			buildPhases = (
				A2D8B9EA1EEAE69ADECDFD72 /* [CP] Check Pods Manifest.lock */,
				84293B3521E2E0F300D342F3 /* Sources */,
				84293B3621E2E0F300D342F3 /* Frameworks */,
				84293B3721E2E0F300D342F3 /* Resources */,
			);
			buildRules = (
			);
			dependencies = (
			);
			name = MuseumSysPro;
			productName = MuseumSysPro;
			productReference = 84293B3921E2E0F300D342F3 /* MuseumSysPro.app */;
			productType = "com.apple.product-type.application";
		};
/* End PBXNativeTarget section */

/* Begin PBXProject section */
		84293B3121E2E0F300D342F3 /* Project object */ = {
			isa = PBXProject;
			attributes = {
				LastUpgradeCheck = 1010;
				ORGANIZATIONNAME = cbg;
				TargetAttributes = {
					84293B3821E2E0F300D342F3 = {
						CreatedOnToolsVersion = 10.1;
					};
				};
			};
			buildConfigurationList = 84293B3421E2E0F300D342F3 /* Build configuration list for PBXProject "MuseumSysPro" */;
			compatibilityVersion = "Xcode 9.3";
			developmentRegion = en;
			hasScannedForEncodings = 0;
			knownRegions = (
				en,
				Base,
			);
			mainGroup = 84293B3021E2E0F300D342F3;
			productRefGroup = 84293B3A21E2E0F300D342F3 /* Products */;
			projectDirPath = "";
			projectRoot = "";
			targets = (
				84293B3821E2E0F300D342F3 /* MuseumSysPro */,
			);
		};
/* End PBXProject section */

/* Begin PBXResourcesBuildPhase section */
		84293B3721E2E0F300D342F3 /* Resources */ = {
			isa = PBXResourcesBuildPhase;
			buildActionMask = 2147483647;
			files = (
				84293B4921E2E0F600D342F3 /* LaunchScreen.storyboard in Resources */,
				84293B4621E2E0F600D342F3 /* Assets.xcassets in Resources */,
				84293B4421E2E0F300D342F3 /* Main.storyboard in Resources */,
			);
			runOnlyForDeploymentPostprocessing = 0;
		};
/* End PBXResourcesBuildPhase section */

/* Begin PBXShellScriptBuildPhase section */
		A2D8B9EA1EEAE69ADECDFD72 /* [CP] Check Pods Manifest.lock */ = {
			isa = PBXShellScriptBuildPhase;
			buildActionMask = 2147483647;
			files = (
			);
			inputPaths = (
				"${PODS_PODFILE_DIR_PATH}/Podfile.lock",
				"${PODS_ROOT}/Manifest.lock",
			);
			name = "[CP] Check Pods Manifest.lock";
			outputPaths = (
				"$(DERIVED_FILE_DIR)/Pods-MuseumSysPro-checkManifestLockResult.txt",
			);
			runOnlyForDeploymentPostprocessing = 0;
			shellPath = /bin/sh;
			shellScript = "diff \"${PODS_PODFILE_DIR_PATH}/Podfile.lock\" \"${PODS_ROOT}/Manifest.lock\" > /dev/null\nif [ $? != 0 ] ; then\n    # print error to STDERR\n    echo \"error: The sandbox is not in sync with the Podfile.lock. Run 'pod install' or update your CocoaPods installation.\" >&2\n    exit 1\nfi\n# This output is used by Xcode 'outputs' to avoid re-running this script phase.\necho \"SUCCESS\" > \"${SCRIPT_OUTPUT_FILE_0}\"\n";
			showEnvVarsInLog = 0;
		};
/* End PBXShellScriptBuildPhase section */

/* Begin PBXSourcesBuildPhase section */
		84293B3521E2E0F300D342F3 /* Sources */ = {
			isa = PBXSourcesBuildPhase;
			buildActionMask = 2147483647;
			files = (
				84293B4121E2E0F300D342F3 /* ViewController.m in Sources */,
				84293B4C21E2E0F600D342F3 /* main.m in Sources */,
				84293B6C21E303B100D342F3 /* GTMBase64.m in Sources */,
				84293B3E21E2E0F300D342F3 /* AppDelegate.m in Sources */,
				84293B6821E3019800D342F3 /* SwTool.m in Sources */,
			);
			runOnlyForDeploymentPostprocessing = 0;
		};
/* End PBXSourcesBuildPhase section */

/* Begin PBXVariantGroup section */
		84293B4221E2E0F300D342F3 /* Main.storyboard */ = {
			isa = PBXVariantGroup;
			children = (
				84293B4321E2E0F300D342F3 /* Base */,
			);
			name = Main.storyboard;
			sourceTree = "<group>";
		};
		84293B4721E2E0F600D342F3 /* LaunchScreen.storyboard */ = {
			isa = PBXVariantGroup;
			children = (
				84293B4821E2E0F600D342F3 /* Base */,
			);
			name = LaunchScreen.storyboard;
			sourceTree = "<group>";
		};
/* End PBXVariantGroup section */

/* Begin XCBuildConfiguration section */
		84293B4D21E2E0F600D342F3 /* Debug */ = {
			isa = XCBuildConfiguration;
			buildSettings = {
				ALWAYS_SEARCH_USER_PATHS = NO;
				CLANG_ANALYZER_NONNULL = YES;
				CLANG_ANALYZER_NUMBER_OBJECT_CONVERSION = YES_AGGRESSIVE;
				CLANG_CXX_LANGUAGE_STANDARD = "gnu++14";
				CLANG_CXX_LIBRARY = "libc++";
				CLANG_ENABLE_MODULES = YES;
				CLANG_ENABLE_OBJC_ARC = YES;
				CLANG_ENABLE_OBJC_WEAK = YES;
				CLANG_WARN_BLOCK_CAPTURE_AUTORELEASING = YES;
				CLANG_WARN_BOOL_CONVERSION = YES;
				CLANG_WARN_COMMA = YES;
				CLANG_WARN_CONSTANT_CONVERSION = YES;
				CLANG_WARN_DEPRECATED_OBJC_IMPLEMENTATIONS = YES;
				CLANG_WARN_DIRECT_OBJC_ISA_USAGE = YES_ERROR;
				CLANG_WARN_DOCUMENTATION_COMMENTS = YES;
				CLANG_WARN_EMPTY_BODY = YES;
				CLANG_WARN_ENUM_CONVERSION = YES;
				CLANG_WARN_INFINITE_RECURSION = YES;
				CLANG_WARN_INT_CONVERSION = YES;
				CLANG_WARN_NON_LITERAL_NULL_CONVERSION = YES;
				CLANG_WARN_OBJC_IMPLICIT_RETAIN_SELF = YES;
				CLANG_WARN_OBJC_LITERAL_CONVERSION = YES;
				CLANG_WARN_OBJC_ROOT_CLASS = YES_ERROR;
				CLANG_WARN_RANGE_LOOP_ANALYSIS = YES;
				CLANG_WARN_STRICT_PROTOTYPES = YES;
				CLANG_WARN_SUSPICIOUS_MOVE = YES;
				CLANG_WARN_UNGUARDED_AVAILABILITY = YES_AGGRESSIVE;
				CLANG_WARN_UNREACHABLE_CODE = YES;
				CLANG_WARN__DUPLICATE_METHOD_MATCH = YES;
				CODE_SIGN_IDENTITY = "iPhone Developer";
				COPY_PHASE_STRIP = NO;
				DEBUG_INFORMATION_FORMAT = dwarf;
				ENABLE_STRICT_OBJC_MSGSEND = YES;
				ENABLE_TESTABILITY = YES;
				GCC_C_LANGUAGE_STANDARD = gnu11;
				GCC_DYNAMIC_NO_PIC = NO;
				GCC_NO_COMMON_BLOCKS = YES;
				GCC_OPTIMIZATION_LEVEL = 0;
				GCC_PREPROCESSOR_DEFINITIONS = (
					"DEBUG=1",
					"$(inherited)",
				);
				GCC_WARN_64_TO_32_BIT_CONVERSION = YES;
				GCC_WARN_ABOUT_RETURN_TYPE = YES_ERROR;
				GCC_WARN_UNDECLARED_SELECTOR = YES;
				GCC_WARN_UNINITIALIZED_AUTOS = YES_AGGRESSIVE;
				GCC_WARN_UNUSED_FUNCTION = YES;
				GCC_WARN_UNUSED_VARIABLE = YES;
				IPHONEOS_DEPLOYMENT_TARGET = 12.1;
				MTL_ENABLE_DEBUG_INFO = INCLUDE_SOURCE;
				MTL_FAST_MATH = YES;
				ONLY_ACTIVE_ARCH = YES;
				SDKROOT = iphoneos;
			};
			name = Debug;
		};
		84293B4E21E2E0F600D342F3 /* Release */ = {
			isa = XCBuildConfiguration;
			buildSettings = {
				ALWAYS_SEARCH_USER_PATHS = NO;
				CLANG_ANALYZER_NONNULL = YES;
				CLANG_ANALYZER_NUMBER_OBJECT_CONVERSION = YES_AGGRESSIVE;
				CLANG_CXX_LANGUAGE_STANDARD = "gnu++14";
				CLANG_CXX_LIBRARY = "libc++";
				CLANG_ENABLE_MODULES = YES;
				CLANG_ENABLE_OBJC_ARC = YES;
				CLANG_ENABLE_OBJC_WEAK = YES;
				CLANG_WARN_BLOCK_CAPTURE_AUTORELEASING = YES;
				CLANG_WARN_BOOL_CONVERSION = YES;
				CLANG_WARN_COMMA = YES;
				CLANG_WARN_CONSTANT_CONVERSION = YES;
				CLANG_WARN_DEPRECATED_OBJC_IMPLEMENTATIONS = YES;
				CLANG_WARN_DIRECT_OBJC_ISA_USAGE = YES_ERROR;
				CLANG_WARN_DOCUMENTATION_COMMENTS = YES;
				CLANG_WARN_EMPTY_BODY = YES;
				CLANG_WARN_ENUM_CONVERSION = YES;
				CLANG_WARN_INFINITE_RECURSION = YES;
				CLANG_WARN_INT_CONVERSION = YES;
				CLANG_WARN_NON_LITERAL_NULL_CONVERSION = YES;
				CLANG_WARN_OBJC_IMPLICIT_RETAIN_SELF = YES;
				CLANG_WARN_OBJC_LITERAL_CONVERSION = YES;
				CLANG_WARN_OBJC_ROOT_CLASS = YES_ERROR;
				CLANG_WARN_RANGE_LOOP_ANALYSIS = YES;
				CLANG_WARN_STRICT_PROTOTYPES = YES;
				CLANG_WARN_SUSPICIOUS_MOVE = YES;
				CLANG_WARN_UNGUARDED_AVAILABILITY = YES_AGGRESSIVE;
				CLANG_WARN_UNREACHABLE_CODE = YES;
				CLANG_WARN__DUPLICATE_METHOD_MATCH = YES;
				CODE_SIGN_IDENTITY = "iPhone Developer";
				COPY_PHASE_STRIP = NO;
				DEBUG_INFORMATION_FORMAT = "dwarf-with-dsym";
				ENABLE_NS_ASSERTIONS = NO;
				ENABLE_STRICT_OBJC_MSGSEND = YES;
				GCC_C_LANGUAGE_STANDARD = gnu11;
				GCC_NO_COMMON_BLOCKS = YES;
				GCC_WARN_64_TO_32_BIT_CONVERSION = YES;
				GCC_WARN_ABOUT_RETURN_TYPE = YES_ERROR;
				GCC_WARN_UNDECLARED_SELECTOR = YES;
				GCC_WARN_UNINITIALIZED_AUTOS = YES_AGGRESSIVE;
				GCC_WARN_UNUSED_FUNCTION = YES;
				GCC_WARN_UNUSED_VARIABLE = YES;
				IPHONEOS_DEPLOYMENT_TARGET = 12.1;
				MTL_ENABLE_DEBUG_INFO = NO;
				MTL_FAST_MATH = YES;
				SDKROOT = iphoneos;
				VALIDATE_PRODUCT = YES;
			};
			name = Release;
		};
		84293B5021E2E0F600D342F3 /* Debug */ = {
			isa = XCBuildConfiguration;
			baseConfigurationReference = 21E47DE91772A4ACADD02C1B /* Pods-MuseumSysPro.debug.xcconfig */;
			buildSettings = {
				ASSETCATALOG_COMPILER_APPICON_NAME = AppIcon;
				CODE_SIGN_STYLE = Automatic;
				DEVELOPMENT_TEAM = K3U9F7B5WK;
				INFOPLIST_FILE = MuseumSysPro/Info.plist;
				IPHONEOS_DEPLOYMENT_TARGET = 8.0;
				LD_RUNPATH_SEARCH_PATHS = (
					"$(inherited)",
					"@executable_path/Frameworks",
				);
				PRODUCT_BUNDLE_IDENTIFIER = com.chongqingCBG.MuseumSysPro;
				PRODUCT_NAME = "$(TARGET_NAME)";
				TARGETED_DEVICE_FAMILY = "1,2";
			};
			name = Debug;
		};
		84293B5121E2E0F600D342F3 /* Release */ = {
			isa = XCBuildConfiguration;
			baseConfigurationReference = 0D340631019171E7DBD6D201 /* Pods-MuseumSysPro.release.xcconfig */;
			buildSettings = {
				ASSETCATALOG_COMPILER_APPICON_NAME = AppIcon;
				CODE_SIGN_STYLE = Automatic;
				DEVELOPMENT_TEAM = K3U9F7B5WK;
				INFOPLIST_FILE = MuseumSysPro/Info.plist;
				IPHONEOS_DEPLOYMENT_TARGET = 8.0;
				LD_RUNPATH_SEARCH_PATHS = (
					"$(inherited)",
					"@executable_path/Frameworks",
				);
				PRODUCT_BUNDLE_IDENTIFIER = com.chongqingCBG.MuseumSysPro;
				PRODUCT_NAME = "$(TARGET_NAME)";
				TARGETED_DEVICE_FAMILY = "1,2";
			};
			name = Release;
		};
/* End XCBuildConfiguration section */

/* Begin XCConfigurationList section */
		84293B3421E2E0F300D342F3 /* Build configuration list for PBXProject "MuseumSysPro" */ = {
			isa = XCConfigurationList;
			buildConfigurations = (
				84293B4D21E2E0F600D342F3 /* Debug */,
				84293B4E21E2E0F600D342F3 /* Release */,
			);
			defaultConfigurationIsVisible = 0;
			defaultConfigurationName = Release;
		};
		84293B4F21E2E0F600D342F3 /* Build configuration list for PBXNativeTarget "MuseumSysPro" */ = {
			isa = XCConfigurationList;
			buildConfigurations = (
				84293B5021E2E0F600D342F3 /* Debug */,
				84293B5121E2E0F600D342F3 /* Release */,
			);
			defaultConfigurationIsVisible = 0;
			defaultConfigurationName = Release;
		};
/* End XCConfigurationList section */
	};
	rootObject = 84293B3121E2E0F300D342F3 /* Project object */;
}
